
Microsoft Visual Studio Solution File, Format Version 12.00
# Visual Studio 15
VisualStudioVersion = 15.0.28307.572
MinimumVisualStudioVersion = 10.0.40219.1
Project("{FAE04EC0-301F-11D3-BF4B-00C04F79EFBC}") = "DotNet2019Challenge.Android", "DotNet2019Challenge\DotNet2019Challenge.Android\DotNet2019Challenge.Android.csproj", "{BA049F88-EBDC-4A44-9F93-4053C1FBE73B}"
EndProject
Project("{FAE04EC0-301F-11D3-BF4B-00C04F79EFBC}") = "DotNet2019Challenge.iOS", "DotNet2019Challenge\DotNet2019Challenge.iOS\DotNet2019Challenge.iOS.csproj", "{BEB72F46-31E7-4FCC-BDA5-0ADA67D643E4}"
EndProject
Project("{FAE04EC0-301F-11D3-BF4B-00C04F79EFBC}") = "DotNet2019Challenge.UWP", "DotNet2019Challenge\DotNet2019Challenge.UWP\DotNet2019Challenge.UWP.csproj", "{85625F9C-590F-45E1-888A-957E4A089FFE}"
EndProject
Project("{FAE04EC0-301F-11D3-BF4B-00C04F79EFBC}") = "DotNet2019Challenge", "DotNet2019Challenge\DotNet2019Challenge\DotNet2019Challenge.csproj", "{6ACBE622-F2D7-4EF7-97BB-D48C1D24B9FE}"
EndProject
Global
	GlobalSection(SolutionConfigurationPlatforms) = preSolution
		Ad-Hoc|Any CPU = Ad-Hoc|Any CPU
		Ad-Hoc|ARM = Ad-Hoc|ARM
		Ad-Hoc|iPhone = Ad-Hoc|iPhone
		Ad-Hoc|iPhoneSimulator = Ad-Hoc|iPhoneSimulator
		Ad-Hoc|x64 = Ad-Hoc|x64
		Ad-Hoc|x86 = Ad-Hoc|x86
		AppStore|Any CPU = AppStore|Any CPU
		AppStore|ARM = AppStore|ARM
		AppStore|iPhone = AppStore|iPhone
		AppStore|iPhoneSimulator = AppStore|iPhoneSimulator
		AppStore|x64 = AppStore|x64
		AppStore|x86 = AppStore|x86
		Debug|Any CPU = Debug|Any CPU
		Debug|ARM = Debug|ARM
		Debug|iPhone = Debug|iPhone
		Debug|iPhoneSimulator = Debug|iPhoneSimulator
		Debug|x64 = Debug|x64
		Debug|x86 = Debug|x86
		Release|Any CPU = Release|Any CPU
		Release|ARM = Release|ARM
		Release|iPhone = Release|iPhone
		Release|iPhoneSimulator = Release|iPhoneSimulator
		Release|x64 = Release|x64
		Release|x86 = Release|x86
	EndGlobalSection
	GlobalSection(ProjectConfigurationPlatforms) = postSolution
		{BA049F88-EBDC-4A44-9F93-4053C1FBE73B}.Ad-Hoc|Any CPU.ActiveCfg = Release|Any CPU
		{BA049F88-EBDC-4A44-9F93-4053C1FBE73B}.Ad-Hoc|Any CPU.Build.0 = Release|Any CPU
		{BA049F88-EBDC-4A44-9F93-4053C1FBE73B}.Ad-Hoc|Any CPU.Deploy.0 = Release|Any CPU
		{BA049F88-EBDC-4A44-9F93-4053C1FBE73B}.Ad-Hoc|ARM.ActiveCfg = Release|Any CPU
		{BA049F88-EBDC-4A44-9F93-4053C1FBE73B}.Ad-Hoc|ARM.Build.0 = Release|Any CPU
		{BA049F88-EBDC-4A44-9F93-4053C1FBE73B}.Ad-Hoc|ARM.Deploy.0 = Release|Any CPU
		{BA049F88-EBDC-4A44-9F93-4053C1FBE73B}.Ad-Hoc|iPhone.ActiveCfg = Release|Any CPU
		{BA049F88-EBDC-4A44-9F93-4053C1FBE73B}.Ad-Hoc|iPhone.Build.0 = Release|Any CPU
		{BA049F88-EBDC-4A44-9F93-4053C1FBE73B}.Ad-Hoc|iPhone.Deploy.0 = Release|Any CPU
		{BA049F88-EBDC-4A44-9F93-4053C1FBE73B}.Ad-Hoc|iPhoneSimulator.ActiveCfg = Release|Any CPU
		{BA049F88-EBDC-4A44-9F93-4053C1FBE73B}.Ad-Hoc|iPhoneSimulator.Build.0 = Release|Any CPU
		{BA049F88-EBDC-4A44-9F93-4053C1FBE73B}.Ad-Hoc|iPhoneSimulator.Deploy.0 = Release|Any CPU
		{BA049F88-EBDC-4A44-9F93-4053C1FBE73B}.Ad-Hoc|x64.ActiveCfg = Release|Any CPU
		{BA049F88-EBDC-4A44-9F93-4053C1FBE73B}.Ad-Hoc|x64.Build.0 = Release|Any CPU
		{BA049F88-EBDC-4A44-9F93-4053C1FBE73B}.Ad-Hoc|x64.Deploy.0 = Release|Any CPU
		{BA049F88-EBDC-4A44-9F93-4053C1FBE73B}.Ad-Hoc|x86.ActiveCfg = Release|Any CPU
		{BA049F88-EBDC-4A44-9F93-4053C1FBE73B}.Ad-Hoc|x86.Build.0 = Release|Any CPU
		{BA049F88-EBDC-4A44-9F93-4053C1FBE73B}.Ad-Hoc|x86.Deploy.0 = Release|Any CPU
		{BA049F88-EBDC-4A44-9F93-4053C1FBE73B}.AppStore|Any CPU.ActiveCfg = Release|Any CPU
		{BA049F88-EBDC-4A44-9F93-4053C1FBE73B}.AppStore|Any CPU.Build.0 = Release|Any CPU
		{BA049F88-EBDC-4A44-9F93-4053C1FBE73B}.AppStore|Any CPU.Deploy.0 = Release|Any CPU
		{BA049F88-EBDC-4A44-9F93-4053C1FBE73B}.AppStore|ARM.ActiveCfg = Release|Any CPU
		{BA049F88-EBDC-4A44-9F93-4053C1FBE73B}.AppStore|ARM.Build.0 = Release|Any CPU
		{BA049F88-EBDC-4A44-9F93-4053C1FBE73B}.AppStore|ARM.Deploy.0 = Release|Any CPU
		{BA049F88-EBDC-4A44-9F93-4053C1FBE73B}.AppStore|iPhone.ActiveCfg = Release|Any CPU
		{BA049F88-EBDC-4A44-9F93-4053C1FBE73B}.AppStore|iPhone.Build.0 = Release|Any CPU
		{BA049F88-EBDC-4A44-9F93-4053C1FBE73B}.AppStore|iPhone.Deploy.0 = Release|Any CPU
		{BA049F88-EBDC-4A44-9F93-4053C1FBE73B}.AppStore|iPhoneSimulator.ActiveCfg = Release|Any CPU
		{BA049F88-EBDC-4A44-9F93-4053C1FBE73B}.AppStore|iPhoneSimulator.Build.0 = Release|Any CPU
		{BA049F88-EBDC-4A44-9F93-4053C1FBE73B}.AppStore|iPhoneSimulator.Deploy.0 = Release|Any CPU
		{BA049F88-EBDC-4A44-9F93-4053C1FBE73B}.AppStore|x64.ActiveCfg = Release|Any CPU
		{BA049F88-EBDC-4A44-9F93-4053C1FBE73B}.AppStore|x64.Build.0 = Release|Any CPU
		{BA049F88-EBDC-4A44-9F93-4053C1FBE73B}.AppStore|x64.Deploy.0 = Release|Any CPU
		{BA049F88-EBDC-4A44-9F93-4053C1FBE73B}.AppStore|x86.ActiveCfg = Release|Any CPU
		{BA049F88-EBDC-4A44-9F93-4053C1FBE73B}.AppStore|x86.Build.0 = Release|Any CPU
		{BA049F88-EBDC-4A44-9F93-4053C1FBE73B}.AppStore|x86.Deploy.0 = Release|Any CPU
		{BA049F88-EBDC-4A44-9F93-4053C1FBE73B}.Debug|Any CPU.ActiveCfg = Debug|Any CPU
		{BA049F88-EBDC-4A44-9F93-4053C1FBE73B}.Debug|Any CPU.Build.0 = Debug|Any CPU
		{BA049F88-EBDC-4A44-9F93-4053C1FBE73B}.Debug|Any CPU.Deploy.0 = Debug|Any CPU
		{BA049F88-EBDC-4A44-9F93-4053C1FBE73B}.Debug|ARM.ActiveCfg = Debug|Any CPU
		{BA049F88-EBDC-4A44-9F93-4053C1FBE73B}.Debug|ARM.Build.0 = Debug|Any CPU
		{BA049F88-EBDC-4A44-9F93-4053C1FBE73B}.Debug|ARM.Deploy.0 = Debug|Any CPU
		{BA049F88-EBDC-4A44-9F93-4053C1FBE73B}.Debug|iPhone.ActiveCfg = Debug|Any CPU
		{BA049F88-EBDC-4A44-9F93-4053C1FBE73B}.Debug|iPhone.Build.0 = Debug|Any CPU
		{BA049F88-EBDC-4A44-9F93-4053C1FBE73B}.Debug|iPhone.Deploy.0 = Debug|Any CPU
		{BA049F88-EBDC-4A44-9F93-4053C1FBE73B}.Debug|iPhoneSimulator.ActiveCfg = Debug|Any CPU
		{BA049F88-EBDC-4A44-9F93-4053C1FBE73B}.Debug|iPhoneSimulator.Build.0 = Debug|Any CPU
		{BA049F88-EBDC-4A44-9F93-4053C1FBE73B}.Debug|iPhoneSimulator.Deploy.0 = Debug|Any CPU
		{BA049F88-EBDC-4A44-9F93-4053C1FBE73B}.Debug|x64.ActiveCfg = Debug|Any CPU
		{BA049F88-EBDC-4A44-9F93-4053C1FBE73B}.Debug|x64.Build.0 = Debug|Any CPU
		{BA049F88-EBDC-4A44-9F93-4053C1FBE73B}.Debug|x64.Deploy.0 = Debug|Any CPU
		{BA049F88-EBDC-4A44-9F93-4053C1FBE73B}.Debug|x86.ActiveCfg = Debug|Any CPU
		{BA049F88-EBDC-4A44-9F93-4053C1FBE73B}.Debug|x86.Build.0 = Debug|Any CPU
		{BA049F88-EBDC-4A44-9F93-4053C1FBE73B}.Debug|x86.Deploy.0 = Debug|Any CPU
		{BA049F88-EBDC-4A44-9F93-4053C1FBE73B}.Release|Any CPU.ActiveCfg = Release|Any CPU
		{BA049F88-EBDC-4A44-9F93-4053C1FBE73B}.Release|Any CPU.Build.0 = Release|Any CPU
		{BA049F88-EBDC-4A44-9F93-4053C1FBE73B}.Release|Any CPU.Deploy.0 = Release|Any CPU
		{BA049F88-EBDC-4A44-9F93-4053C1FBE73B}.Release|ARM.ActiveCfg = Release|Any CPU
		{BA049F88-EBDC-4A44-9F93-4053C1FBE73B}.Release|ARM.Build.0 = Release|Any CPU
		{BA049F88-EBDC-4A44-9F93-4053C1FBE73B}.Release|ARM.Deploy.0 = Release|Any CPU
		{BA049F88-EBDC-4A44-9F93-4053C1FBE73B}.Release|iPhone.ActiveCfg = Release|Any CPU
		{BA049F88-EBDC-4A44-9F93-4053C1FBE73B}.Release|iPhone.Build.0 = Release|Any CPU
		{BA049F88-EBDC-4A44-9F93-4053C1FBE73B}.Release|iPhone.Deploy.0 = Release|Any CPU
		{BA049F88-EBDC-4A44-9F93-4053C1FBE73B}.Release|iPhoneSimulator.ActiveCfg = Release|Any CPU
		{BA049F88-EBDC-4A44-9F93-4053C1FBE73B}.Release|iPhoneSimulator.Build.0 = Release|Any CPU
		{BA049F88-EBDC-4A44-9F93-4053C1FBE73B}.Release|iPhoneSimulator.Deploy.0 = Release|Any CPU
		{BA049F88-EBDC-4A44-9F93-4053C1FBE73B}.Release|x64.ActiveCfg = Release|Any CPU
		{BA049F88-EBDC-4A44-9F93-4053C1FBE73B}.Release|x64.Build.0 = Release|Any CPU
		{BA049F88-EBDC-4A44-9F93-4053C1FBE73B}.Release|x64.Deploy.0 = Release|Any CPU
		{BA049F88-EBDC-4A44-9F93-4053C1FBE73B}.Release|x86.ActiveCfg = Release|Any CPU
		{BA049F88-EBDC-4A44-9F93-4053C1FBE73B}.Release|x86.Build.0 = Release|Any CPU
		{BA049F88-EBDC-4A44-9F93-4053C1FBE73B}.Release|x86.Deploy.0 = Release|Any CPU
		{BEB72F46-31E7-4FCC-BDA5-0ADA67D643E4}.Ad-Hoc|Any CPU.ActiveCfg = Ad-Hoc|iPhone
		{BEB72F46-31E7-4FCC-BDA5-0ADA67D643E4}.Ad-Hoc|Any CPU.Build.0 = Ad-Hoc|iPhone
		{BEB72F46-31E7-4FCC-BDA5-0ADA67D643E4}.Ad-Hoc|Any CPU.Deploy.0 = Ad-Hoc|iPhone
		{BEB72F46-31E7-4FCC-BDA5-0ADA67D643E4}.Ad-Hoc|ARM.ActiveCfg = Ad-Hoc|iPhone
		{BEB72F46-31E7-4FCC-BDA5-0ADA67D643E4}.Ad-Hoc|ARM.Build.0 = Ad-Hoc|iPhone
		{BEB72F46-31E7-4FCC-BDA5-0ADA67D643E4}.Ad-Hoc|ARM.Deploy.0 = Ad-Hoc|iPhone
		{BEB72F46-31E7-4FCC-BDA5-0ADA67D643E4}.Ad-Hoc|iPhone.ActiveCfg = Ad-Hoc|iPhone
		{BEB72F46-31E7-4FCC-BDA5-0ADA67D643E4}.Ad-Hoc|iPhone.Build.0 = Ad-Hoc|iPhone
		{BEB72F46-31E7-4FCC-BDA5-0ADA67D643E4}.Ad-Hoc|iPhone.Deploy.0 = Ad-Hoc|iPhone
		{BEB72F46-31E7-4FCC-BDA5-0ADA67D643E4}.Ad-Hoc|iPhoneSimulator.ActiveCfg = Ad-Hoc|iPhoneSimulator
		{BEB72F46-31E7-4FCC-BDA5-0ADA67D643E4}.Ad-Hoc|iPhoneSimulator.Build.0 = Ad-Hoc|iPhoneSimulator
		{BEB72F46-31E7-4FCC-BDA5-0ADA67D643E4}.Ad-Hoc|iPhoneSimulator.Deploy.0 = Ad-Hoc|iPhoneSimulator
		{BEB72F46-31E7-4FCC-BDA5-0ADA67D643E4}.Ad-Hoc|x64.ActiveCfg = Ad-Hoc|iPhone
		{BEB72F46-31E7-4FCC-BDA5-0ADA67D643E4}.Ad-Hoc|x64.Build.0 = Ad-Hoc|iPhone
		{BEB72F46-31E7-4FCC-BDA5-0ADA67D643E4}.Ad-Hoc|x64.Deploy.0 = Ad-Hoc|iPhone
		{BEB72F46-31E7-4FCC-BDA5-0ADA67D643E4}.Ad-Hoc|x86.ActiveCfg = Ad-Hoc|iPhone
		{BEB72F46-31E7-4FCC-BDA5-0ADA67D643E4}.Ad-Hoc|x86.Build.0 = Ad-Hoc|iPhone
		{BEB72F46-31E7-4FCC-BDA5-0ADA67D643E4}.Ad-Hoc|x86.Deploy.0 = Ad-Hoc|iPhone
		{BEB72F46-31E7-4FCC-BDA5-0ADA67D643E4}.AppStore|Any CPU.ActiveCfg = AppStore|iPhone
		{BEB72F46-31E7-4FCC-BDA5-0ADA67D643E4}.AppStore|Any CPU.Build.0 = AppStore|iPhone
		{BEB72F46-31E7-4FCC-BDA5-0ADA67D643E4}.AppStore|Any CPU.Deploy.0 = AppStore|iPhone
		{BEB72F46-31E7-4FCC-BDA5-0ADA67D643E4}.AppStore|ARM.ActiveCfg = AppStore|iPhone
		{BEB72F46-31E7-4FCC-BDA5-0ADA67D643E4}.AppStore|ARM.Build.0 = AppStore|iPhone
		{BEB72F46-31E7-4FCC-BDA5-0ADA67D643E4}.AppStore|ARM.Deploy.0 = AppStore|iPhone
		{BEB72F46-31E7-4FCC-BDA5-0ADA67D643E4}.AppStore|iPhone.ActiveCfg = AppStore|iPhone
		{BEB72F46-31E7-4FCC-BDA5-0ADA67D643E4}.AppStore|iPhone.Build.0 = AppStore|iPhone
		{BEB72F46-31E7-4FCC-BDA5-0ADA67D643E4}.AppStore|iPhone.Deploy.0 = AppStore|iPhone
		{BEB72F46-31E7-4FCC-BDA5-0ADA67D643E4}.AppStore|iPhoneSimulator.ActiveCfg = AppStore|iPhoneSimulator
		{BEB72F46-31E7-4FCC-BDA5-0ADA67D643E4}.AppStore|iPhoneSimulator.Build.0 = AppStore|iPhoneSimulator
		{BEB72F46-31E7-4FCC-BDA5-0ADA67D643E4}.AppStore|iPhoneSimulator.Deploy.0 = AppStore|iPhoneSimulator
		{BEB72F46-31E7-4FCC-BDA5-0ADA67D643E4}.AppStore|x64.ActiveCfg = AppStore|iPhone
		{BEB72F46-31E7-4FCC-BDA5-0ADA67D643E4}.AppStore|x64.Build.0 = AppStore|iPhone
		{BEB72F46-31E7-4FCC-BDA5-0ADA67D643E4}.AppStore|x64.Deploy.0 = AppStore|iPhone
		{BEB72F46-31E7-4FCC-BDA5-0ADA67D643E4}.AppStore|x86.ActiveCfg = AppStore|iPhone
		{BEB72F46-31E7-4FCC-BDA5-0ADA67D643E4}.AppStore|x86.Build.0 = AppStore|iPhone
		{BEB72F46-31E7-4FCC-BDA5-0ADA67D643E4}.AppStore|x86.Deploy.0 = AppStore|iPhone
		{BEB72F46-31E7-4FCC-BDA5-0ADA67D643E4}.Debug|Any CPU.ActiveCfg = Debug|iPhoneSimulator
		{BEB72F46-31E7-4FCC-BDA5-0ADA67D643E4}.Debug|Any CPU.Build.0 = Debug|iPhoneSimulator
		{BEB72F46-31E7-4FCC-BDA5-0ADA67D643E4}.Debug|Any CPU.Deploy.0 = Debug|iPhoneSimulator
		{BEB72F46-31E7-4FCC-BDA5-0ADA67D643E4}.Debug|ARM.ActiveCfg = Debug|iPhone
		{BEB72F46-31E7-4FCC-BDA5-0ADA67D643E4}.Debug|ARM.Build.0 = Debug|iPhone
		{BEB72F46-31E7-4FCC-BDA5-0ADA67D643E4}.Debug|ARM.Deploy.0 = Debug|iPhone
		{BEB72F46-31E7-4FCC-BDA5-0ADA67D643E4}.Debug|iPhone.ActiveCfg = Debug|iPhone
		{BEB72F46-31E7-4FCC-BDA5-0ADA67D643E4}.Debug|iPhone.Build.0 = Debug|iPhone
		{BEB72F46-31E7-4FCC-BDA5-0ADA67D643E4}.Debug|iPhone.Deploy.0 = Debug|iPhone
		{BEB72F46-31E7-4FCC-BDA5-0ADA67D643E4}.Debug|iPhoneSimulator.ActiveCfg = Debug|iPhoneSimulator
		{BEB72F46-31E7-4FCC-BDA5-0ADA67D643E4}.Debug|iPhoneSimulator.Build.0 = Debug|iPhoneSimulator
		{BEB72F46-31E7-4FCC-BDA5-0ADA67D643E4}.Debug|iPhoneSimulator.Deploy.0 = Debug|iPhoneSimulator
		{BEB72F46-31E7-4FCC-BDA5-0ADA67D643E4}.Debug|x64.ActiveCfg = Debug|iPhone
		{BEB72F46-31E7-4FCC-BDA5-0ADA67D643E4}.Debug|x64.Build.0 = Debug|iPhone
		{BEB72F46-31E7-4FCC-BDA5-0ADA67D643E4}.Debug|x64.Deploy.0 = Debug|iPhone
		{BEB72F46-31E7-4FCC-BDA5-0ADA67D643E4}.Debug|x86.ActiveCfg = Debug|iPhone
		{BEB72F46-31E7-4FCC-BDA5-0ADA67D643E4}.Debug|x86.Build.0 = Debug|iPhone
		{BEB72F46-31E7-4FCC-BDA5-0ADA67D643E4}.Debug|x86.Deploy.0 = Debug|iPhone
		{BEB72F46-31E7-4FCC-BDA5-0ADA67D643E4}.Release|Any CPU.ActiveCfg = Release|iPhone
		{BEB72F46-31E7-4FCC-BDA5-0ADA67D643E4}.Release|Any CPU.Build.0 = Release|iPhone
		{BEB72F46-31E7-4FCC-BDA5-0ADA67D643E4}.Release|Any CPU.Deploy.0 = Release|iPhone
		{BEB72F46-31E7-4FCC-BDA5-0ADA67D643E4}.Release|ARM.ActiveCfg = Release|iPhone
		{BEB72F46-31E7-4FCC-BDA5-0ADA67D643E4}.Release|ARM.Build.0 = Release|iPhone
		{BEB72F46-31E7-4FCC-BDA5-0ADA67D643E4}.Release|ARM.Deploy.0 = Release|iPhone
		{BEB72F46-31E7-4FCC-BDA5-0ADA67D643E4}.Release|iPhone.ActiveCfg = Release|iPhone
		{BEB72F46-31E7-4FCC-BDA5-0ADA67D643E4}.Release|iPhone.Build.0 = Release|iPhone
		{BEB72F46-31E7-4FCC-BDA5-0ADA67D643E4}.Release|iPhone.Deploy.0 = Release|iPhone
		{BEB72F46-31E7-4FCC-BDA5-0ADA67D643E4}.Release|iPhoneSimulator.ActiveCfg = Release|iPhoneSimulator
		{BEB72F46-31E7-4FCC-BDA5-0ADA67D643E4}.Release|iPhoneSimulator.Build.0 = Release|iPhoneSimulator
		{BEB72F46-31E7-4FCC-BDA5-0ADA67D643E4}.Release|iPhoneSimulator.Deploy.0 = Release|iPhoneSimulator
		{BEB72F46-31E7-4FCC-BDA5-0ADA67D643E4}.Release|x64.ActiveCfg = Release|iPhone
		{BEB72F46-31E7-4FCC-BDA5-0ADA67D643E4}.Release|x64.Build.0 = Release|iPhone
		{BEB72F46-31E7-4FCC-BDA5-0ADA67D643E4}.Release|x64.Deploy.0 = Release|iPhone
		{BEB72F46-31E7-4FCC-BDA5-0ADA67D643E4}.Release|x86.ActiveCfg = Release|iPhone
		{BEB72F46-31E7-4FCC-BDA5-0ADA67D643E4}.Release|x86.Build.0 = Release|iPhone
		{BEB72F46-31E7-4FCC-BDA5-0ADA67D643E4}.Release|x86.Deploy.0 = Release|iPhone
		{85625F9C-590F-45E1-888A-957E4A089FFE}.Ad-Hoc|Any CPU.ActiveCfg = Release|x86
		{85625F9C-590F-45E1-888A-957E4A089FFE}.Ad-Hoc|Any CPU.Build.0 = Release|x86
		{85625F9C-590F-45E1-888A-957E4A089FFE}.Ad-Hoc|Any CPU.Deploy.0 = Release|x86
		{85625F9C-590F-45E1-888A-957E4A089FFE}.Ad-Hoc|ARM.ActiveCfg = Release|ARM
		{85625F9C-590F-45E1-888A-957E4A089FFE}.Ad-Hoc|ARM.Build.0 = Release|ARM
		{85625F9C-590F-45E1-888A-957E4A089FFE}.Ad-Hoc|ARM.Deploy.0 = Release|ARM
		{85625F9C-590F-45E1-888A-957E4A089FFE}.Ad-Hoc|iPhone.ActiveCfg = Release|x86
		{85625F9C-590F-45E1-888A-957E4A089FFE}.Ad-Hoc|iPhone.Build.0 = Release|x86
		{85625F9C-590F-45E1-888A-957E4A089FFE}.Ad-Hoc|iPhone.Deploy.0 = Release|x86
		{85625F9C-590F-45E1-888A-957E4A089FFE}.Ad-Hoc|iPhoneSimulator.ActiveCfg = Release|x86
		{85625F9C-590F-45E1-888A-957E4A089FFE}.Ad-Hoc|iPhoneSimulator.Build.0 = Release|x86
		{85625F9C-590F-45E1-888A-957E4A089FFE}.Ad-Hoc|iPhoneSimulator.Deploy.0 = Release|x86
		{85625F9C-590F-45E1-888A-957E4A089FFE}.Ad-Hoc|x64.ActiveCfg = Release|x64
		{85625F9C-590F-45E1-888A-957E4A089FFE}.Ad-Hoc|x64.Build.0 = Release|x64
		{85625F9C-590F-45E1-888A-957E4A089FFE}.Ad-Hoc|x64.Deploy.0 = Release|x64
		{85625F9C-590F-45E1-888A-957E4A089FFE}.Ad-Hoc|x86.ActiveCfg = Release|x86
		{85625F9C-590F-45E1-888A-957E4A089FFE}.Ad-Hoc|x86.Build.0 = Release|x86
		{85625F9C-590F-45E1-888A-957E4A089FFE}.Ad-Hoc|x86.Deploy.0 = Release|x86
		{85625F9C-590F-45E1-888A-957E4A089FFE}.AppStore|Any CPU.ActiveCfg = Release|x86
		{85625F9C-590F-45E1-888A-957E4A089FFE}.AppStore|Any CPU.Build.0 = Release|x86
		{85625F9C-590F-45E1-888A-957E4A089FFE}.AppStore|Any CPU.Deploy.0 = Release|x86
		{85625F9C-590F-45E1-888A-957E4A089FFE}.AppStore|ARM.ActiveCfg = Release|ARM
		{85625F9C-590F-45E1-888A-957E4A089FFE}.AppStore|ARM.Build.0 = Release|ARM
		{85625F9C-590F-45E1-888A-957E4A089FFE}.AppStore|ARM.Deploy.0 = Release|ARM
		{85625F9C-590F-45E1-888A-957E4A089FFE}.AppStore|iPhone.ActiveCfg = Release|x86
		{85625F9C-590F-45E1-888A-957E4A089FFE}.AppStore|iPhone.Build.0 = Release|x86
		{85625F9C-590F-45E1-888A-957E4A089FFE}.AppStore|iPhone.Deploy.0 = Release|x86
		{85625F9C-590F-45E1-888A-957E4A089FFE}.AppStore|iPhoneSimulator.ActiveCfg = Release|x86
		{85625F9C-590F-45E1-888A-957E4A089FFE}.AppStore|iPhoneSimulator.Build.0 = Release|x86
		{85625F9C-590F-45E1-888A-957E4A089FFE}.AppStore|iPhoneSimulator.Deploy.0 = Release|x86
		{85625F9C-590F-45E1-888A-957E4A089FFE}.AppStore|x64.ActiveCfg = Release|x64
		{85625F9C-590F-45E1-888A-957E4A089FFE}.AppStore|x64.Build.0 = Release|x64
		{85625F9C-590F-45E1-888A-957E4A089FFE}.AppStore|x64.Deploy.0 = Release|x64
		{85625F9C-590F-45E1-888A-957E4A089FFE}.AppStore|x86.ActiveCfg = Release|x86
		{85625F9C-590F-45E1-888A-957E4A089FFE}.AppStore|x86.Build.0 = Release|x86
		{85625F9C-590F-45E1-888A-957E4A089FFE}.AppStore|x86.Deploy.0 = Release|x86
		{85625F9C-590F-45E1-888A-957E4A089FFE}.Debug|Any CPU.ActiveCfg = Debug|x86
		{85625F9C-590F-45E1-888A-957E4A089FFE}.Debug|Any CPU.Build.0 = Debug|x86
		{85625F9C-590F-45E1-888A-957E4A089FFE}.Debug|Any CPU.Deploy.0 = Debug|x86
		{85625F9C-590F-45E1-888A-957E4A089FFE}.Debug|ARM.ActiveCfg = Debug|ARM
		{85625F9C-590F-45E1-888A-957E4A089FFE}.Debug|ARM.Build.0 = Debug|ARM
		{85625F9C-590F-45E1-888A-957E4A089FFE}.Debug|ARM.Deploy.0 = Debug|ARM
		{85625F9C-590F-45E1-888A-957E4A089FFE}.Debug|iPhone.ActiveCfg = Debug|x86
		{85625F9C-590F-45E1-888A-957E4A089FFE}.Debug|iPhone.Build.0 = Debug|x86
		{85625F9C-590F-45E1-888A-957E4A089FFE}.Debug|iPhone.Deploy.0 = Debug|x86
		{85625F9C-590F-45E1-888A-957E4A089FFE}.Debug|iPhoneSimulator.ActiveCfg = Debug|x86
		{85625F9C-590F-45E1-888A-957E4A089FFE}.Debug|iPhoneSimulator.Build.0 = Debug|x86
		{85625F9C-590F-45E1-888A-957E4A089FFE}.Debug|iPhoneSimulator.Deploy.0 = Debug|x86
		{85625F9C-590F-45E1-888A-957E4A089FFE}.Debug|x64.ActiveCfg = Debug|x64
		{85625F9C-590F-45E1-888A-957E4A089FFE}.Debug|x64.Build.0 = Debug|x64
		{85625F9C-590F-45E1-888A-957E4A089FFE}.Debug|x64.Deploy.0 = Debug|x64
		{85625F9C-590F-45E1-888A-957E4A089FFE}.Debug|x86.ActiveCfg = Debug|x86
		{85625F9C-590F-45E1-888A-957E4A089FFE}.Debug|x86.Build.0 = Debug|x86
		{85625F9C-590F-45E1-888A-957E4A089FFE}.Debug|x86.Deploy.0 = Debug|x86
		{85625F9C-590F-45E1-888A-957E4A089FFE}.Release|Any CPU.ActiveCfg = Release|x86
		{85625F9C-590F-45E1-888A-957E4A089FFE}.Release|Any CPU.Build.0 = Release|x86
		{85625F9C-590F-45E1-888A-957E4A089FFE}.Release|Any CPU.Deploy.0 = Release|x86
		{85625F9C-590F-45E1-888A-957E4A089FFE}.Release|ARM.ActiveCfg = Release|ARM
		{85625F9C-590F-45E1-888A-957E4A089FFE}.Release|ARM.Build.0 = Release|ARM
		{85625F9C-590F-45E1-888A-957E4A089FFE}.Release|ARM.Deploy.0 = Release|ARM
		{85625F9C-590F-45E1-888A-957E4A089FFE}.Release|iPhone.ActiveCfg = Release|x86
		{85625F9C-590F-45E1-888A-957E4A089FFE}.Release|iPhone.Build.0 = Release|x86
		{85625F9C-590F-45E1-888A-957E4A089FFE}.Release|iPhone.Deploy.0 = Release|x86
		{85625F9C-590F-45E1-888A-957E4A089FFE}.Release|iPhoneSimulator.ActiveCfg = Release|x86
		{85625F9C-590F-45E1-888A-957E4A089FFE}.Release|iPhoneSimulator.Build.0 = Release|x86
		{85625F9C-590F-45E1-888A-957E4A089FFE}.Release|iPhoneSimulator.Deploy.0 = Release|x86
		{85625F9C-590F-45E1-888A-957E4A089FFE}.Release|x64.ActiveCfg = Release|x64
		{85625F9C-590F-45E1-888A-957E4A089FFE}.Release|x64.Build.0 = Release|x64
		{85625F9C-590F-45E1-888A-957E4A089FFE}.Release|x64.Deploy.0 = Release|x64
		{85625F9C-590F-45E1-888A-957E4A089FFE}.Release|x86.ActiveCfg = Release|x86
		{85625F9C-590F-45E1-888A-957E4A089FFE}.Release|x86.Build.0 = Release|x86
		{85625F9C-590F-45E1-888A-957E4A089FFE}.Release|x86.Deploy.0 = Release|x86
		{6ACBE622-F2D7-4EF7-97BB-D48C1D24B9FE}.Ad-Hoc|Any CPU.ActiveCfg = Debug|Any CPU
		{6ACBE622-F2D7-4EF7-97BB-D48C1D24B9FE}.Ad-Hoc|Any CPU.Build.0 = Debug|Any CPU
		{6ACBE622-F2D7-4EF7-97BB-D48C1D24B9FE}.Ad-Hoc|Any CPU.Deploy.0 = Debug|Any CPU
		{6ACBE622-F2D7-4EF7-97BB-D48C1D24B9FE}.Ad-Hoc|ARM.ActiveCfg = Debug|Any CPU
		{6ACBE622-F2D7-4EF7-97BB-D48C1D24B9FE}.Ad-Hoc|ARM.Build.0 = Debug|Any CPU
		{6ACBE622-F2D7-4EF7-97BB-D48C1D24B9FE}.Ad-Hoc|ARM.Deploy.0 = Debug|Any CPU
		{6ACBE622-F2D7-4EF7-97BB-D48C1D24B9FE}.Ad-Hoc|iPhone.ActiveCfg = Debug|Any CPU
		{6ACBE622-F2D7-4EF7-97BB-D48C1D24B9FE}.Ad-Hoc|iPhone.Build.0 = Debug|Any CPU
		{6ACBE622-F2D7-4EF7-97BB-D48C1D24B9FE}.Ad-Hoc|iPhone.Deploy.0 = Debug|Any CPU
		{6ACBE622-F2D7-4EF7-97BB-D48C1D24B9FE}.Ad-Hoc|iPhoneSimulator.ActiveCfg = Debug|Any CPU
		{6ACBE622-F2D7-4EF7-97BB-D48C1D24B9FE}.Ad-Hoc|iPhoneSimulator.Build.0 = Debug|Any CPU
		{6ACBE622-F2D7-4EF7-97BB-D48C1D24B9FE}.Ad-Hoc|iPhoneSimulator.Deploy.0 = Debug|Any CPU
		{6ACBE622-F2D7-4EF7-97BB-D48C1D24B9FE}.Ad-Hoc|x64.ActiveCfg = Debug|Any CPU
		{6ACBE622-F2D7-4EF7-97BB-D48C1D24B9FE}.Ad-Hoc|x64.Build.0 = Debug|Any CPU
		{6ACBE622-F2D7-4EF7-97BB-D48C1D24B9FE}.Ad-Hoc|x64.Deploy.0 = Debug|Any CPU
		{6ACBE622-F2D7-4EF7-97BB-D48C1D24B9FE}.Ad-Hoc|x86.ActiveCfg = Debug|Any CPU
		{6ACBE622-F2D7-4EF7-97BB-D48C1D24B9FE}.Ad-Hoc|x86.Build.0 = Debug|Any CPU
		{6ACBE622-F2D7-4EF7-97BB-D48C1D24B9FE}.Ad-Hoc|x86.Deploy.0 = Debug|Any CPU
		{6ACBE622-F2D7-4EF7-97BB-D48C1D24B9FE}.AppStore|Any CPU.ActiveCfg = Debug|Any CPU
		{6ACBE622-F2D7-4EF7-97BB-D48C1D24B9FE}.AppStore|Any CPU.Build.0 = Debug|Any CPU
		{6ACBE622-F2D7-4EF7-97BB-D48C1D24B9FE}.AppStore|Any CPU.Deploy.0 = Debug|Any CPU
		{6ACBE622-F2D7-4EF7-97BB-D48C1D24B9FE}.AppStore|ARM.ActiveCfg = Debug|Any CPU
		{6ACBE622-F2D7-4EF7-97BB-D48C1D24B9FE}.AppStore|ARM.Build.0 = Debug|Any CPU
		{6ACBE622-F2D7-4EF7-97BB-D48C1D24B9FE}.AppStore|ARM.Deploy.0 = Debug|Any CPU
		{6ACBE622-F2D7-4EF7-97BB-D48C1D24B9FE}.AppStore|iPhone.ActiveCfg = Debug|Any CPU
		{6ACBE622-F2D7-4EF7-97BB-D48C1D24B9FE}.AppStore|iPhone.Build.0 = Debug|Any CPU
		{6ACBE622-F2D7-4EF7-97BB-D48C1D24B9FE}.AppStore|iPhone.Deploy.0 = Debug|Any CPU
		{6ACBE622-F2D7-4EF7-97BB-D48C1D24B9FE}.AppStore|iPhoneSimulator.ActiveCfg = Debug|Any CPU
		{6ACBE622-F2D7-4EF7-97BB-D48C1D24B9FE}.AppStore|iPhoneSimulator.Build.0 = Debug|Any CPU
		{6ACBE622-F2D7-4EF7-97BB-D48C1D24B9FE}.AppStore|iPhoneSimulator.Deploy.0 = Debug|Any CPU
		{6ACBE622-F2D7-4EF7-97BB-D48C1D24B9FE}.AppStore|x64.ActiveCfg = Debug|Any CPU
		{6ACBE622-F2D7-4EF7-97BB-D48C1D24B9FE}.AppStore|x64.Build.0 = Debug|Any CPU
		{6ACBE622-F2D7-4EF7-97BB-D48C1D24B9FE}.AppStore|x64.Deploy.0 = Debug|Any CPU
		{6ACBE622-F2D7-4EF7-97BB-D48C1D24B9FE}.AppStore|x86.ActiveCfg = Debug|Any CPU
		{6ACBE622-F2D7-4EF7-97BB-D48C1D24B9FE}.AppStore|x86.Build.0 = Debug|Any CPU
		{6ACBE622-F2D7-4EF7-97BB-D48C1D24B9FE}.AppStore|x86.Deploy.0 = Debug|Any CPU
		{6ACBE622-F2D7-4EF7-97BB-D48C1D24B9FE}.Debug|Any CPU.ActiveCfg = Debug|Any CPU
		{6ACBE622-F2D7-4EF7-97BB-D48C1D24B9FE}.Debug|Any CPU.Build.0 = Debug|Any CPU
		{6ACBE622-F2D7-4EF7-97BB-D48C1D24B9FE}.Debug|Any CPU.Deploy.0 = Debug|Any CPU
		{6ACBE622-F2D7-4EF7-97BB-D48C1D24B9FE}.Debug|ARM.ActiveCfg = Debug|Any CPU
		{6ACBE622-F2D7-4EF7-97BB-D48C1D24B9FE}.Debug|ARM.Build.0 = Debug|Any CPU
		{6ACBE622-F2D7-4EF7-97BB-D48C1D24B9FE}.Debug|ARM.Deploy.0 = Debug|Any CPU
		{6ACBE622-F2D7-4EF7-97BB-D48C1D24B9FE}.Debug|iPhone.ActiveCfg = Debug|Any CPU
		{6ACBE622-F2D7-4EF7-97BB-D48C1D24B9FE}.Debug|iPhone.Build.0 = Debug|Any CPU
		{6ACBE622-F2D7-4EF7-97BB-D48C1D24B9FE}.Debug|iPhone.Deploy.0 = Debug|Any CPU
		{6ACBE622-F2D7-4EF7-97BB-D48C1D24B9FE}.Debug|iPhoneSimulator.ActiveCfg = Debug|Any CPU
		{6ACBE622-F2D7-4EF7-97BB-D48C1D24B9FE}.Debug|iPhoneSimulator.Build.0 = Debug|Any CPU
		{6ACBE622-F2D7-4EF7-97BB-D48C1D24B9FE}.Debug|iPhoneSimulator.Deploy.0 = Debug|Any CPU
		{6ACBE622-F2D7-4EF7-97BB-D48C1D24B9FE}.Debug|x64.ActiveCfg = Debug|Any CPU
		{6ACBE622-F2D7-4EF7-97BB-D48C1D24B9FE}.Debug|x64.Build.0 = Debug|Any CPU
		{6ACBE622-F2D7-4EF7-97BB-D48C1D24B9FE}.Debug|x64.Deploy.0 = Debug|Any CPU
		{6ACBE622-F2D7-4EF7-97BB-D48C1D24B9FE}.Debug|x86.ActiveCfg = Debug|Any CPU
		{6ACBE622-F2D7-4EF7-97BB-D48C1D24B9FE}.Debug|x86.Build.0 = Debug|Any CPU
		{6ACBE622-F2D7-4EF7-97BB-D48C1D24B9FE}.Debug|x86.Deploy.0 = Debug|Any CPU
		{6ACBE622-F2D7-4EF7-97BB-D48C1D24B9FE}.Release|Any CPU.ActiveCfg = Release|Any CPU
		{6ACBE622-F2D7-4EF7-97BB-D48C1D24B9FE}.Release|Any CPU.Build.0 = Release|Any CPU
		{6ACBE622-F2D7-4EF7-97BB-D48C1D24B9FE}.Release|Any CPU.Deploy.0 = Release|Any CPU
		{6ACBE622-F2D7-4EF7-97BB-D48C1D24B9FE}.Release|ARM.ActiveCfg = Release|Any CPU
		{6ACBE622-F2D7-4EF7-97BB-D48C1D24B9FE}.Release|ARM.Build.0 = Release|Any CPU
		{6ACBE622-F2D7-4EF7-97BB-D48C1D24B9FE}.Release|ARM.Deploy.0 = Release|Any CPU
		{6ACBE622-F2D7-4EF7-97BB-D48C1D24B9FE}.Release|iPhone.ActiveCfg = Release|Any CPU
		{6ACBE622-F2D7-4EF7-97BB-D48C1D24B9FE}.Release|iPhone.Build.0 = Release|Any CPU
		{6ACBE622-F2D7-4EF7-97BB-D48C1D24B9FE}.Release|iPhone.Deploy.0 = Release|Any CPU
		{6ACBE622-F2D7-4EF7-97BB-D48C1D24B9FE}.Release|iPhoneSimulator.ActiveCfg = Release|Any CPU
		{6ACBE622-F2D7-4EF7-97BB-D48C1D24B9FE}.Release|iPhoneSimulator.Build.0 = Release|Any CPU
		{6ACBE622-F2D7-4EF7-97BB-D48C1D24B9FE}.Release|iPhoneSimulator.Deploy.0 = Release|Any CPU
		{6ACBE622-F2D7-4EF7-97BB-D48C1D24B9FE}.Release|x64.ActiveCfg = Release|Any CPU
		{6ACBE622-F2D7-4EF7-97BB-D48C1D24B9FE}.Release|x64.Build.0 = Release|Any CPU
		{6ACBE622-F2D7-4EF7-97BB-D48C1D24B9FE}.Release|x64.Deploy.0 = Release|Any CPU
		{6ACBE622-F2D7-4EF7-97BB-D48C1D24B9FE}.Release|x86.ActiveCfg = Release|Any CPU
		{6ACBE622-F2D7-4EF7-97BB-D48C1D24B9FE}.Release|x86.Build.0 = Release|Any CPU
		{6ACBE622-F2D7-4EF7-97BB-D48C1D24B9FE}.Release|x86.Deploy.0 = Release|Any CPU
	EndGlobalSection
	GlobalSection(SolutionProperties) = preSolution
		HideSolutionNode = FALSE
	EndGlobalSection
	GlobalSection(ExtensibilityGlobals) = postSolution
		SolutionGuid = {09AF34BC-31DA-4FDC-A771-80CCBEEF7B89}
	EndGlobalSection
EndGlobal
